{
  "pins" : [
    {
      "identity" : "openssl",
      "kind" : "remoteSourceControl",
      "location" : "https://github.com/krzyzanowskim/OpenSSL",
      "state" : {
        "revision" : "4b1188ba947ddc23d03b13096b9e44b804e146c9",
        "version" : "3.6.3000"
      }
    }
  ],
  "version" : 2
}
